
Microsoft Visual Studio Solution File, Format Version 12.00
# Visual Studio Version 17
VisualStudioVersion = 17.11.35312.102
MinimumVisualStudioVersion = 10.0.40219.1
Project("{FAE04EC0-301F-11D3-BF4B-00C04F79EFBC}") = "SHARIQHACKS", "SHARIQHACKS\SHARIQHACKS.csproj", "{0CA7B249-7755-4F81-8A42-1B7D86AA4022}"
EndProject
Global
	GlobalSection(SolutionConfigurationPlatforms) = preSolution
		Debug|Any CPU = Debug|Any CPU
		Release|Any CPU = Release|Any CPU
	EndGlobalSection
	GlobalSection(ProjectConfigurationPlatforms) = postSolution
		{0CA7B249-7755-4F81-8A42-1B7D86AA4022}.Debug|Any CPU.ActiveCfg = Debug|Any CPU
		{0CA7B249-7755-4F81-8A42-1B7D86AA4022}.Debug|Any CPU.Build.0 = Debug|Any CPU
		{0CA7B249-7755-4F81-8A42-1B7D86AA4022}.Release|Any CPU.ActiveCfg = Release|Any CPU
		{0CA7B249-7755-4F81-8A42-1B7D86AA4022}.Release|Any CPU.Build.0 = Release|Any CPU
	EndGlobalSection
	GlobalSection(SolutionProperties) = preSolution
		HideSolutionNode = FALSE
	EndGlobalSection
	GlobalSection(ExtensibilityGlobals) = postSolution
		SolutionGuid = {3543CE13-AFD0-4B73-91CE-A04FF56EBE37}
	EndGlobalSection
EndGlobal
